
Microsoft Visual Studio Solution File, Format Version 12.00
# Visual Studio Version 16
VisualStudioVersion = 16.0.32126.315
MinimumVisualStudioVersion = 10.0.40219.1
Project("{FAE04EC0-301F-11D3-BF4B-00C04F79EFBC}") = "Juan", "Juan\Juan.csproj", "{16F440B0-CB55-44B1-94C8-AAB0DC1B2309}"
EndProject
Global
	GlobalSection(SolutionConfigurationPlatforms) = preSolution
		Debug|Any CPU = Debug|Any CPU
		Release|Any CPU = Release|Any CPU
	EndGlobalSection
	GlobalSection(ProjectConfigurationPlatforms) = postSolution
		{16F440B0-CB55-44B1-94C8-AAB0DC1B2309}.Debug|Any CPU.ActiveCfg = Debug|Any CPU
		{16F440B0-CB55-44B1-94C8-AAB0DC1B2309}.Debug|Any CPU.Build.0 = Debug|Any CPU
		{16F440B0-CB55-44B1-94C8-AAB0DC1B2309}.Release|Any CPU.ActiveCfg = Release|Any CPU
		{16F440B0-CB55-44B1-94C8-AAB0DC1B2309}.Release|Any CPU.Build.0 = Release|Any CPU
	EndGlobalSection
	GlobalSection(SolutionProperties) = preSolution
		HideSolutionNode = FALSE
	EndGlobalSection
	GlobalSection(ExtensibilityGlobals) = postSolution
		SolutionGuid = {19477D8A-782A-4707-91D6-2DDADF387474}
	EndGlobalSection
EndGlobal
